
Microsoft Visual Studio Solution File, Format Version 12.00
# Visual Studio Version 17
VisualStudioVersion = 17.0.32112.339
MinimumVisualStudioVersion = 10.0.40219.1
Project("{2150E333-8FDC-42A3-9474-1A3956D46DE8}") = "Frontend", "Frontend", "{B67CF56B-569C-4F6D-8976-A0BFA9B34DE8}"
EndProject
Project("{2150E333-8FDC-42A3-9474-1A3956D46DE8}") = "Services", "Services", "{521A20BF-6B6D-41F8-B1FB-57C93C49332A}"
EndProject
Project("{9A19103F-16F7-4668-BE54-9A1E7A4F7556}") = "GeekShopping.Web", "GeekShopping.Web\GeekShopping.Web.csproj", "{4DFDB08C-A6C1-407F-BA98-A57BB4FADD77}"
EndProject
Project("{9A19103F-16F7-4668-BE54-9A1E7A4F7556}") = "GeekShopping.ProductAPI", "GeekShopping.ProductAPI\GeekShopping.ProductAPI.csproj", "{086AC62A-AC37-4FBC-90A0-C2835F670F19}"
EndProject
Project("{9A19103F-16F7-4668-BE54-9A1E7A4F7556}") = "GeekShopping.IdentityServer", "GeekShopping.IdentityServer\GeekShopping.IdentityServer.csproj", "{9D1D19F8-63E8-494D-AFC2-276094960C40}"
EndProject
Project("{9A19103F-16F7-4668-BE54-9A1E7A4F7556}") = "GeekShopping.CartAPI", "GeekShopping.CartAPI\GeekShopping.CartAPI.csproj", "{E2498225-6D08-4BDE-8ADB-C0FEC99D1C1E}"
EndProject
Project("{9A19103F-16F7-4668-BE54-9A1E7A4F7556}") = "GeekShopping.CouponAPI", "GeekShopping.CouponAPI\GeekShopping.CouponAPI.csproj", "{D0E76657-1829-448E-944C-EDD610F0EB39}"
EndProject
Project("{2150E333-8FDC-42A3-9474-1A3956D46DE8}") = "_Integration", "_Integration", "{F94DB373-736D-429F-8274-A543CAE45843}"
EndProject
Project("{9A19103F-16F7-4668-BE54-9A1E7A4F7556}") = "GeekShopping.MessageBus", "GeekShopping.MessageBus\GeekShopping.MessageBus.csproj", "{FE22573D-873C-43C1-9D50-34CE29D4790A}"
EndProject
Project("{9A19103F-16F7-4668-BE54-9A1E7A4F7556}") = "GeekShopping.OrderAPI", "GeekShopping.OrderAPI\GeekShopping.OrderAPI.csproj", "{247C7F01-5CE5-487F-9D4D-A753AB4D01A8}"
EndProject
Project("{2150E333-8FDC-42A3-9474-1A3956D46DE8}") = "Payments", "Payments", "{5AA1287B-3608-4847-AF3A-BAEADFD0B3A9}"
EndProject
Project("{9A19103F-16F7-4668-BE54-9A1E7A4F7556}") = "GeekShopping.PaymentProcessor", "GeekShopping.PaymentProcessor\GeekShopping.PaymentProcessor.csproj", "{DA9F7BC0-7A30-42D4-B1F3-E63F57C29BE2}"
EndProject
Project("{9A19103F-16F7-4668-BE54-9A1E7A4F7556}") = "GeekShopping.PaymentAPI", "GeekShopping.PaymentAPI\GeekShopping.PaymentAPI.csproj", "{A9F62CFF-3501-4F58-BAC9-36E8CCC0A2C7}"
EndProject
Project("{9A19103F-16F7-4668-BE54-9A1E7A4F7556}") = "GeekShopping.Email", "GeekShopping.Email\GeekShopping.Email.csproj", "{D43F9351-9C24-4C52-B407-C7A425F041F9}"
EndProject
Project("{2150E333-8FDC-42A3-9474-1A3956D46DE8}") = "_Gateway", "_Gateway", "{A82526A4-E719-4FE3-B046-3DF27FD75B3D}"
EndProject
Project("{FAE04EC0-301F-11D3-BF4B-00C04F79EFBC}") = "GeekShopping.APIGateway", "GeekShopping.APIGateway\GeekShopping.APIGateway.csproj", "{3FFD9042-572D-46C6-9206-04D7693FA30A}"
EndProject
Global
	GlobalSection(SolutionConfigurationPlatforms) = preSolution
		Debug|Any CPU = Debug|Any CPU
		Release|Any CPU = Release|Any CPU
	EndGlobalSection
	GlobalSection(ProjectConfigurationPlatforms) = postSolution
		{4DFDB08C-A6C1-407F-BA98-A57BB4FADD77}.Debug|Any CPU.ActiveCfg = Debug|Any CPU
		{4DFDB08C-A6C1-407F-BA98-A57BB4FADD77}.Debug|Any CPU.Build.0 = Debug|Any CPU
		{4DFDB08C-A6C1-407F-BA98-A57BB4FADD77}.Release|Any CPU.ActiveCfg = Release|Any CPU
		{4DFDB08C-A6C1-407F-BA98-A57BB4FADD77}.Release|Any CPU.Build.0 = Release|Any CPU
		{086AC62A-AC37-4FBC-90A0-C2835F670F19}.Debug|Any CPU.ActiveCfg = Debug|Any CPU
		{086AC62A-AC37-4FBC-90A0-C2835F670F19}.Debug|Any CPU.Build.0 = Debug|Any CPU
		{086AC62A-AC37-4FBC-90A0-C2835F670F19}.Release|Any CPU.ActiveCfg = Release|Any CPU
		{086AC62A-AC37-4FBC-90A0-C2835F670F19}.Release|Any CPU.Build.0 = Release|Any CPU
		{9D1D19F8-63E8-494D-AFC2-276094960C40}.Debug|Any CPU.ActiveCfg = Debug|Any CPU
		{9D1D19F8-63E8-494D-AFC2-276094960C40}.Debug|Any CPU.Build.0 = Debug|Any CPU
		{9D1D19F8-63E8-494D-AFC2-276094960C40}.Release|Any CPU.ActiveCfg = Release|Any CPU
		{9D1D19F8-63E8-494D-AFC2-276094960C40}.Release|Any CPU.Build.0 = Release|Any CPU
		{E2498225-6D08-4BDE-8ADB-C0FEC99D1C1E}.Debug|Any CPU.ActiveCfg = Debug|Any CPU
		{E2498225-6D08-4BDE-8ADB-C0FEC99D1C1E}.Debug|Any CPU.Build.0 = Debug|Any CPU
		{E2498225-6D08-4BDE-8ADB-C0FEC99D1C1E}.Release|Any CPU.ActiveCfg = Release|Any CPU
		{E2498225-6D08-4BDE-8ADB-C0FEC99D1C1E}.Release|Any CPU.Build.0 = Release|Any CPU
		{D0E76657-1829-448E-944C-EDD610F0EB39}.Debug|Any CPU.ActiveCfg = Debug|Any CPU
		{D0E76657-1829-448E-944C-EDD610F0EB39}.Debug|Any CPU.Build.0 = Debug|Any CPU
		{D0E76657-1829-448E-944C-EDD610F0EB39}.Release|Any CPU.ActiveCfg = Release|Any CPU
		{D0E76657-1829-448E-944C-EDD610F0EB39}.Release|Any CPU.Build.0 = Release|Any CPU
		{FE22573D-873C-43C1-9D50-34CE29D4790A}.Debug|Any CPU.ActiveCfg = Debug|Any CPU
		{FE22573D-873C-43C1-9D50-34CE29D4790A}.Debug|Any CPU.Build.0 = Debug|Any CPU
		{FE22573D-873C-43C1-9D50-34CE29D4790A}.Release|Any CPU.ActiveCfg = Release|Any CPU
		{FE22573D-873C-43C1-9D50-34CE29D4790A}.Release|Any CPU.Build.0 = Release|Any CPU
		{247C7F01-5CE5-487F-9D4D-A753AB4D01A8}.Debug|Any CPU.ActiveCfg = Debug|Any CPU
		{247C7F01-5CE5-487F-9D4D-A753AB4D01A8}.Debug|Any CPU.Build.0 = Debug|Any CPU
		{247C7F01-5CE5-487F-9D4D-A753AB4D01A8}.Release|Any CPU.ActiveCfg = Release|Any CPU
		{247C7F01-5CE5-487F-9D4D-A753AB4D01A8}.Release|Any CPU.Build.0 = Release|Any CPU
		{DA9F7BC0-7A30-42D4-B1F3-E63F57C29BE2}.Debug|Any CPU.ActiveCfg = Debug|Any CPU
		{DA9F7BC0-7A30-42D4-B1F3-E63F57C29BE2}.Debug|Any CPU.Build.0 = Debug|Any CPU
		{DA9F7BC0-7A30-42D4-B1F3-E63F57C29BE2}.Release|Any CPU.ActiveCfg = Release|Any CPU
		{DA9F7BC0-7A30-42D4-B1F3-E63F57C29BE2}.Release|Any CPU.Build.0 = Release|Any CPU
		{A9F62CFF-3501-4F58-BAC9-36E8CCC0A2C7}.Debug|Any CPU.ActiveCfg = Debug|Any CPU
		{A9F62CFF-3501-4F58-BAC9-36E8CCC0A2C7}.Debug|Any CPU.Build.0 = Debug|Any CPU
		{A9F62CFF-3501-4F58-BAC9-36E8CCC0A2C7}.Release|Any CPU.ActiveCfg = Release|Any CPU
		{A9F62CFF-3501-4F58-BAC9-36E8CCC0A2C7}.Release|Any CPU.Build.0 = Release|Any CPU
		{D43F9351-9C24-4C52-B407-C7A425F041F9}.Debug|Any CPU.ActiveCfg = Debug|Any CPU
		{D43F9351-9C24-4C52-B407-C7A425F041F9}.Debug|Any CPU.Build.0 = Debug|Any CPU
		{D43F9351-9C24-4C52-B407-C7A425F041F9}.Release|Any CPU.ActiveCfg = Release|Any CPU
		{D43F9351-9C24-4C52-B407-C7A425F041F9}.Release|Any CPU.Build.0 = Release|Any CPU
		{3FFD9042-572D-46C6-9206-04D7693FA30A}.Debug|Any CPU.ActiveCfg = Debug|Any CPU
		{3FFD9042-572D-46C6-9206-04D7693FA30A}.Debug|Any CPU.Build.0 = Debug|Any CPU
		{3FFD9042-572D-46C6-9206-04D7693FA30A}.Release|Any CPU.ActiveCfg = Release|Any CPU
		{3FFD9042-572D-46C6-9206-04D7693FA30A}.Release|Any CPU.Build.0 = Release|Any CPU
	EndGlobalSection
	GlobalSection(SolutionProperties) = preSolution
		HideSolutionNode = FALSE
	EndGlobalSection
	GlobalSection(NestedProjects) = preSolution
		{4DFDB08C-A6C1-407F-BA98-A57BB4FADD77} = {B67CF56B-569C-4F6D-8976-A0BFA9B34DE8}
		{086AC62A-AC37-4FBC-90A0-C2835F670F19} = {521A20BF-6B6D-41F8-B1FB-57C93C49332A}
		{9D1D19F8-63E8-494D-AFC2-276094960C40} = {521A20BF-6B6D-41F8-B1FB-57C93C49332A}
		{E2498225-6D08-4BDE-8ADB-C0FEC99D1C1E} = {521A20BF-6B6D-41F8-B1FB-57C93C49332A}
		{D0E76657-1829-448E-944C-EDD610F0EB39} = {521A20BF-6B6D-41F8-B1FB-57C93C49332A}
		{FE22573D-873C-43C1-9D50-34CE29D4790A} = {F94DB373-736D-429F-8274-A543CAE45843}
		{247C7F01-5CE5-487F-9D4D-A753AB4D01A8} = {521A20BF-6B6D-41F8-B1FB-57C93C49332A}
		{DA9F7BC0-7A30-42D4-B1F3-E63F57C29BE2} = {5AA1287B-3608-4847-AF3A-BAEADFD0B3A9}
		{A9F62CFF-3501-4F58-BAC9-36E8CCC0A2C7} = {521A20BF-6B6D-41F8-B1FB-57C93C49332A}
		{D43F9351-9C24-4C52-B407-C7A425F041F9} = {521A20BF-6B6D-41F8-B1FB-57C93C49332A}
		{3FFD9042-572D-46C6-9206-04D7693FA30A} = {A82526A4-E719-4FE3-B046-3DF27FD75B3D}
	EndGlobalSection
	GlobalSection(ExtensibilityGlobals) = postSolution
		SolutionGuid = {C3742CD4-0637-4990-8E24-57A6A282CC24}
	EndGlobalSection
EndGlobal
